// !$*UTF8*$!
{
	archiveVersion = 1;
	classes = {
	};
	objectVersion = 46;
	objects = {

/* Begin PBXBuildFile section */
		C3E3821B1D409F30005785DA /* main.m in Sources */ = {isa = PBXBuildFile; fileRef = C3E3821A1D409F30005785DA /* main.m */; };
		C3E382231D40A05A005785DA /* Heap.m in Sources */ = {isa = PBXBuildFile; fileRef = C3E382221D40A05A005785DA /* Heap.m */; };
/* End PBXBuildFile section */

/* Begin PBXCopyFilesBuildPhase section */
		C3E382151D409F30005785DA /* CopyFiles */ = {
			isa = PBXCopyFilesBuildPhase;
			buildActionMask = 2147483647;
			dstPath = /usr/share/man/man1/;
			dstSubfolderSpec = 0;
			files = (
			);
			runOnlyForDeploymentPostprocessing = 1;
		};
/* End PBXCopyFilesBuildPhase section */

/* Begin PBXFileReference section */
		C3E382171D409F30005785DA /* EPI_Chapter11_Heap */ = {isa = PBXFileReference; explicitFileType = "compiled.mach-o.executable"; includeInIndex = 0; path = EPI_Chapter11_Heap; sourceTree = BUILT_PRODUCTS_DIR; };
		C3E3821A1D409F30005785DA /* main.m */ = {isa = PBXFileReference; lastKnownFileType = sourcecode.c.objc; path = main.m; sourceTree = "<group>"; };
		C3E382211D40A05A005785DA /* Heap.h */ = {isa = PBXFileReference; fileEncoding = 4; lastKnownFileType = sourcecode.c.h; path = Heap.h; sourceTree = "<group>"; };
		C3E382221D40A05A005785DA /* Heap.m */ = {isa = PBXFileReference; fileEncoding = 4; lastKnownFileType = sourcecode.c.objc; path = Heap.m; sourceTree = "<group>"; };
/* End PBXFileReference section */

/* Begin PBXFrameworksBuildPhase section */
		C3E382141D409F30005785DA /* Frameworks */ = {
			isa = PBXFrameworksBuildPhase;
			buildActionMask = 2147483647;
			files = (
			);
			runOnlyForDeploymentPostprocessing = 0;
		};
/* End PBXFrameworksBuildPhase section */

/* Begin PBXGroup section */
		C3E3820E1D409F30005785DA = {
			isa = PBXGroup;
			children = (
				C3E382191D409F30005785DA /* EPI_Chapter11_Heap */,
				C3E382181D409F30005785DA /* Products */,
			);
			sourceTree = "<group>";
		};
		C3E382181D409F30005785DA /* Products */ = {
			isa = PBXGroup;
			children = (
				C3E382171D409F30005785DA /* EPI_Chapter11_Heap */,
			);
			name = Products;
			sourceTree = "<group>";
		};
		C3E382191D409F30005785DA /* EPI_Chapter11_Heap */ = {
			isa = PBXGroup;
			children = (
				C3E3821A1D409F30005785DA /* main.m */,
				C3E382211D40A05A005785DA /* Heap.h */,
				C3E382221D40A05A005785DA /* Heap.m */,
			);
			path = EPI_Chapter11_Heap;
			sourceTree = "<group>";
		};
/* End PBXGroup section */

/* Begin PBXNativeTarget section */
		C3E382161D409F30005785DA /* EPI_Chapter11_Heap */ = {
			isa = PBXNativeTarget;
			buildConfigurationList = C3E3821E1D409F30005785DA /* Build configuration list for PBXNativeTarget "EPI_Chapter11_Heap" */;
			buildPhases = (
				C3E382131D409F30005785DA /* Sources */,
				C3E382141D409F30005785DA /* Frameworks */,
				C3E382151D409F30005785DA /* CopyFiles */,
			);
			buildRules = (
			);
			dependencies = (
			);
			name = EPI_Chapter11_Heap;
			productName = EPI_Chapter11_Heap;
			productReference = C3E382171D409F30005785DA /* EPI_Chapter11_Heap */;
			productType = "com.apple.product-type.tool";
		};
/* End PBXNativeTarget section */

/* Begin PBXProject section */
		C3E3820F1D409F30005785DA /* Project object */ = {
			isa = PBXProject;
			attributes = {
				LastUpgradeCheck = 0730;
				ORGANIZATIONNAME = "Smart Home";
				TargetAttributes = {
					C3E382161D409F30005785DA = {
						CreatedOnToolsVersion = 7.3.1;
					};
				};
			};
			buildConfigurationList = C3E382121D409F30005785DA /* Build configuration list for PBXProject "EPI_Chapter11_Heap" */;
			compatibilityVersion = "Xcode 3.2";
			developmentRegion = English;
			hasScannedForEncodings = 0;
			knownRegions = (
				en,
			);
			mainGroup = C3E3820E1D409F30005785DA;
			productRefGroup = C3E382181D409F30005785DA /* Products */;
			projectDirPath = "";
			projectRoot = "";
			targets = (
				C3E382161D409F30005785DA /* EPI_Chapter11_Heap */,
			);
		};
/* End PBXProject section */

/* Begin PBXSourcesBuildPhase section */
		C3E382131D409F30005785DA /* Sources */ = {
			isa = PBXSourcesBuildPhase;
			buildActionMask = 2147483647;
			files = (
				C3E382231D40A05A005785DA /* Heap.m in Sources */,
				C3E3821B1D409F30005785DA /* main.m in Sources */,
			);
			runOnlyForDeploymentPostprocessing = 0;
		};
/* End PBXSourcesBuildPhase section */

/* Begin XCBuildConfiguration section */
		C3E3821C1D409F30005785DA /* Debug */ = {
			isa = XCBuildConfiguration;
			buildSettings = {
				ALWAYS_SEARCH_USER_PATHS = NO;
				CLANG_ANALYZER_NONNULL = YES;
				CLANG_CXX_LANGUAGE_STANDARD = "gnu++0x";
				CLANG_CXX_LIBRARY = "libc++";
				CLANG_ENABLE_MODULES = YES;
				CLANG_ENABLE_OBJC_ARC = YES;
				CLANG_WARN_BOOL_CONVERSION = YES;
				CLANG_WARN_CONSTANT_CONVERSION = YES;
				CLANG_WARN_DIRECT_OBJC_ISA_USAGE = YES_ERROR;
				CLANG_WARN_EMPTY_BODY = YES;
				CLANG_WARN_ENUM_CONVERSION = YES;
				CLANG_WARN_INT_CONVERSION = YES;
				CLANG_WARN_OBJC_ROOT_CLASS = YES_ERROR;
				CLANG_WARN_UNREACHABLE_CODE = YES;
				CLANG_WARN__DUPLICATE_METHOD_MATCH = YES;
				CODE_SIGN_IDENTITY = "-";
				COPY_PHASE_STRIP = NO;
				DEBUG_INFORMATION_FORMAT = dwarf;
				ENABLE_STRICT_OBJC_MSGSEND = YES;
				ENABLE_TESTABILITY = YES;
				GCC_C_LANGUAGE_STANDARD = gnu99;
				GCC_DYNAMIC_NO_PIC = NO;
				GCC_NO_COMMON_BLOCKS = YES;
				GCC_OPTIMIZATION_LEVEL = 0;
				GCC_PREPROCESSOR_DEFINITIONS = (
					"DEBUG=1",
					"$(inherited)",
				);
				GCC_WARN_64_TO_32_BIT_CONVERSION = YES;
				GCC_WARN_ABOUT_RETURN_TYPE = YES_ERROR;
				GCC_WARN_UNDECLARED_SELECTOR = YES;
				GCC_WARN_UNINITIALIZED_AUTOS = YES_AGGRESSIVE;
				GCC_WARN_UNUSED_FUNCTION = YES;
				GCC_WARN_UNUSED_VARIABLE = YES;
				MACOSX_DEPLOYMENT_TARGET = 10.11;
				MTL_ENABLE_DEBUG_INFO = YES;
				ONLY_ACTIVE_ARCH = YES;
				SDKROOT = macosx;
			};
			name = Debug;
		};
		C3E3821D1D409F30005785DA /* Release */ = {
			isa = XCBuildConfiguration;
			buildSettings = {
				ALWAYS_SEARCH_USER_PATHS = NO;
				CLANG_ANALYZER_NONNULL = YES;
				CLANG_CXX_LANGUAGE_STANDARD = "gnu++0x";
				CLANG_CXX_LIBRARY = "libc++";
				CLANG_ENABLE_MODULES = YES;
				CLANG_ENABLE_OBJC_ARC = YES;
				CLANG_WARN_BOOL_CONVERSION = YES;
				CLANG_WARN_CONSTANT_CONVERSION = YES;
				CLANG_WARN_DIRECT_OBJC_ISA_USAGE = YES_ERROR;
				CLANG_WARN_EMPTY_BODY = YES;
				CLANG_WARN_ENUM_CONVERSION = YES;
				CLANG_WARN_INT_CONVERSION = YES;
				CLANG_WARN_OBJC_ROOT_CLASS = YES_ERROR;
				CLANG_WARN_UNREACHABLE_CODE = YES;
				CLANG_WARN__DUPLICATE_METHOD_MATCH = YES;
				CODE_SIGN_IDENTITY = "-";
				COPY_PHASE_STRIP = NO;
				DEBUG_INFORMATION_FORMAT = "dwarf-with-dsym";
				ENABLE_NS_ASSERTIONS = NO;
				ENABLE_STRICT_OBJC_MSGSEND = YES;
				GCC_C_LANGUAGE_STANDARD = gnu99;
				GCC_NO_COMMON_BLOCKS = YES;
				GCC_WARN_64_TO_32_BIT_CONVERSION = YES;
				GCC_WARN_ABOUT_RETURN_TYPE = YES_ERROR;
				GCC_WARN_UNDECLARED_SELECTOR = YES;
				GCC_WARN_UNINITIALIZED_AUTOS = YES_AGGRESSIVE;
				GCC_WARN_UNUSED_FUNCTION = YES;
				GCC_WARN_UNUSED_VARIABLE = YES;
				MACOSX_DEPLOYMENT_TARGET = 10.11;
				MTL_ENABLE_DEBUG_INFO = NO;
				SDKROOT = macosx;
			};
			name = Release;
		};
		C3E3821F1D409F30005785DA /* Debug */ = {
			isa = XCBuildConfiguration;
			buildSettings = {
				PRODUCT_NAME = "$(TARGET_NAME)";
			};
			name = Debug;
		};
		C3E382201D409F30005785DA /* Release */ = {
			isa = XCBuildConfiguration;
			buildSettings = {
				PRODUCT_NAME = "$(TARGET_NAME)";
			};
			name = Release;
		};
/* End XCBuildConfiguration section */

/* Begin XCConfigurationList section */
		C3E382121D409F30005785DA /* Build configuration list for PBXProject "EPI_Chapter11_Heap" */ = {
			isa = XCConfigurationList;
			buildConfigurations = (
				C3E3821C1D409F30005785DA /* Debug */,
				C3E3821D1D409F30005785DA /* Release */,
			);
			defaultConfigurationIsVisible = 0;
			defaultConfigurationName = Release;
		};
		C3E3821E1D409F30005785DA /* Build configuration list for PBXNativeTarget "EPI_Chapter11_Heap" */ = {
			isa = XCConfigurationList;
			buildConfigurations = (
				C3E3821F1D409F30005785DA /* Debug */,
				C3E382201D409F30005785DA /* Release */,
			);
			defaultConfigurationIsVisible = 0;
			defaultConfigurationName = Release;
		};
/* End XCConfigurationList section */
	};
	rootObject = C3E3820F1D409F30005785DA /* Project object */;
}
